
Microsoft Visual Studio Solution File, Format Version 12.00
Project("{FAE04EC0-301F-11D3-BF4B-00C04F79EFBC}") = "OpenAiHelper.WebApi", "OpenAiHelper.WebApi\OpenAiHelper.WebApi.csproj", "{7D505295-20B0-43A6-AD91-9C6BF2BC3430}"
EndProject
Project("{FAE04EC0-301F-11D3-BF4B-00C04F79EFBC}") = "OpenAiHelper.Endpoints", "OpenAiHelper.Endpoints\OpenAiHelper.Endpoints.csproj", "{32CFB234-6F56-447F-A479-EB6D0CA3D875}"
EndProject
Project("{2150E333-8FDC-42A3-9474-1A3956D46DE8}") = "Packages", "Packages", "{E3687302-83BC-4087-BDDE-0823EA3339BF}"
EndProject
Project("{FAE04EC0-301F-11D3-BF4B-00C04F79EFBC}") = "OpenAiHelper.Integration", "Packages\OpenAiHelper.Integration\OpenAiHelper.Integration.csproj", "{7DD0A73F-9F18-4447-B916-2967BCBFA9AF}"
EndProject
Project("{FAE04EC0-301F-11D3-BF4B-00C04F79EFBC}") = "TelegramBot.Integration", "Packages\TelegramBot.Integration\TelegramBot.Integration.csproj", "{FB0C417F-8954-490C-B9AA-B017212D04E2}"
EndProject
Global
	GlobalSection(SolutionConfigurationPlatforms) = preSolution
		Debug|Any CPU = Debug|Any CPU
		Release|Any CPU = Release|Any CPU
	EndGlobalSection
	GlobalSection(ProjectConfigurationPlatforms) = postSolution
		{7D505295-20B0-43A6-AD91-9C6BF2BC3430}.Debug|Any CPU.ActiveCfg = Debug|Any CPU
		{7D505295-20B0-43A6-AD91-9C6BF2BC3430}.Debug|Any CPU.Build.0 = Debug|Any CPU
		{7D505295-20B0-43A6-AD91-9C6BF2BC3430}.Release|Any CPU.ActiveCfg = Release|Any CPU
		{7D505295-20B0-43A6-AD91-9C6BF2BC3430}.Release|Any CPU.Build.0 = Release|Any CPU
		{32CFB234-6F56-447F-A479-EB6D0CA3D875}.Debug|Any CPU.ActiveCfg = Debug|Any CPU
		{32CFB234-6F56-447F-A479-EB6D0CA3D875}.Debug|Any CPU.Build.0 = Debug|Any CPU
		{32CFB234-6F56-447F-A479-EB6D0CA3D875}.Release|Any CPU.ActiveCfg = Release|Any CPU
		{32CFB234-6F56-447F-A479-EB6D0CA3D875}.Release|Any CPU.Build.0 = Release|Any CPU
		{7DD0A73F-9F18-4447-B916-2967BCBFA9AF}.Debug|Any CPU.ActiveCfg = Debug|Any CPU
		{7DD0A73F-9F18-4447-B916-2967BCBFA9AF}.Debug|Any CPU.Build.0 = Debug|Any CPU
		{7DD0A73F-9F18-4447-B916-2967BCBFA9AF}.Release|Any CPU.ActiveCfg = Release|Any CPU
		{7DD0A73F-9F18-4447-B916-2967BCBFA9AF}.Release|Any CPU.Build.0 = Release|Any CPU
		{FB0C417F-8954-490C-B9AA-B017212D04E2}.Debug|Any CPU.ActiveCfg = Debug|Any CPU
		{FB0C417F-8954-490C-B9AA-B017212D04E2}.Debug|Any CPU.Build.0 = Debug|Any CPU
		{FB0C417F-8954-490C-B9AA-B017212D04E2}.Release|Any CPU.ActiveCfg = Release|Any CPU
		{FB0C417F-8954-490C-B9AA-B017212D04E2}.Release|Any CPU.Build.0 = Release|Any CPU
	EndGlobalSection
	GlobalSection(NestedProjects) = preSolution
		{7DD0A73F-9F18-4447-B916-2967BCBFA9AF} = {E3687302-83BC-4087-BDDE-0823EA3339BF}
		{FB0C417F-8954-490C-B9AA-B017212D04E2} = {E3687302-83BC-4087-BDDE-0823EA3339BF}
	EndGlobalSection
EndGlobal
